
Microsoft Visual Studio Solution File, Format Version 12.00
# Visual Studio Version 17
VisualStudioVersion = 17.2.32630.192
MinimumVisualStudioVersion = 10.0.40219.1
Project("{FAE04EC0-301F-11D3-BF4B-00C04F79EFBC}") = "FMS", "FMS\FMS.csproj", "{BBB35330-082C-4A94-90AE-1B3623ECD875}"
EndProject
Global
	GlobalSection(SolutionConfigurationPlatforms) = preSolution
		Debug|Any CPU = Debug|Any CPU
		Release|Any CPU = Release|Any CPU
	EndGlobalSection
	GlobalSection(ProjectConfigurationPlatforms) = postSolution
		{BBB35330-082C-4A94-90AE-1B3623ECD875}.Debug|Any CPU.ActiveCfg = Debug|Any CPU
		{BBB35330-082C-4A94-90AE-1B3623ECD875}.Debug|Any CPU.Build.0 = Debug|Any CPU
		{BBB35330-082C-4A94-90AE-1B3623ECD875}.Release|Any CPU.ActiveCfg = Release|Any CPU
		{BBB35330-082C-4A94-90AE-1B3623ECD875}.Release|Any CPU.Build.0 = Release|Any CPU
	EndGlobalSection
	GlobalSection(SolutionProperties) = preSolution
		HideSolutionNode = FALSE
	EndGlobalSection
	GlobalSection(ExtensibilityGlobals) = postSolution
		SolutionGuid = {83EFE43D-2C50-4D26-B4A3-BA69C440A4F5}
	EndGlobalSection
EndGlobal
